
Microsoft Visual Studio Solution File, Format Version 12.00
# Visual Studio Version 17
VisualStudioVersion = 17.10.34928.147
MinimumVisualStudioVersion = 10.0.40219.1
Project("{FAE04EC0-301F-11D3-BF4B-00C04F79EFBC}") = "Handle_Concurrency", "Handle_Concurrency\Handle_Concurrency.csproj", "{9020E55A-EC75-4621-8A95-8C8CDB81D388}"
EndProject
Global
	GlobalSection(SolutionConfigurationPlatforms) = preSolution
		Debug|Any CPU = Debug|Any CPU
		Release|Any CPU = Release|Any CPU
	EndGlobalSection
	GlobalSection(ProjectConfigurationPlatforms) = postSolution
		{9020E55A-EC75-4621-8A95-8C8CDB81D388}.Debug|Any CPU.ActiveCfg = Debug|Any CPU
		{9020E55A-EC75-4621-8A95-8C8CDB81D388}.Debug|Any CPU.Build.0 = Debug|Any CPU
		{9020E55A-EC75-4621-8A95-8C8CDB81D388}.Release|Any CPU.ActiveCfg = Release|Any CPU
		{9020E55A-EC75-4621-8A95-8C8CDB81D388}.Release|Any CPU.Build.0 = Release|Any CPU
	EndGlobalSection
	GlobalSection(SolutionProperties) = preSolution
		HideSolutionNode = FALSE
	EndGlobalSection
	GlobalSection(ExtensibilityGlobals) = postSolution
		SolutionGuid = {6C383CD0-AAB1-401C-8F9E-37164A0834A1}
	EndGlobalSection
EndGlobal
